// !$*UTF8*$!
{
	archiveVersion = 1;
	classes = {
	};
	objectVersion = 50;
	objects = {

/* Begin PBXBuildFile section */
		CA92DCBD2500FF98004746C3 /* CharacterViewModelTests.swift in Sources */ = {isa = PBXBuildFile; fileRef = CA92DCBC2500FF98004746C3 /* CharacterViewModelTests.swift */; };
		CA92DCC5250100B0004746C3 /* CharacterData.swift in Sources */ = {isa = PBXBuildFile; fileRef = CA92DCC4250100B0004746C3 /* CharacterData.swift */; };
		CA92DCC725010125004746C3 /* CharacterViewModelData.swift in Sources */ = {isa = PBXBuildFile; fileRef = CA92DCC625010125004746C3 /* CharacterViewModelData.swift */; };
		CA92DCC9250101D4004746C3 /* ImageLoader_ImageData.swift in Sources */ = {isa = PBXBuildFile; fileRef = CA92DCC8250101D4004746C3 /* ImageLoader_ImageData.swift */; };
		CA92DCCC250113C6004746C3 /* BB.json in Resources */ = {isa = PBXBuildFile; fileRef = CA92DCCB250113C6004746C3 /* BB.json */; };
		CA92DCCE2501140E004746C3 /* Endpoint.swift in Sources */ = {isa = PBXBuildFile; fileRef = CA92DCCD2501140E004746C3 /* Endpoint.swift */; };
		CA92DCD025011B9F004746C3 /* NetworkingTests.swift in Sources */ = {isa = PBXBuildFile; fileRef = CA92DCCF25011B9F004746C3 /* NetworkingTests.swift */; };
		CA92DCD225011F3B004746C3 /* APISession.swift in Sources */ = {isa = PBXBuildFile; fileRef = CA92DCD125011F3B004746C3 /* APISession.swift */; };
		CAC5004F24FFD9AC0040E376 /* Breaking_BadApp.swift in Sources */ = {isa = PBXBuildFile; fileRef = CAC5004E24FFD9AC0040E376 /* Breaking_BadApp.swift */; };
		CAC5005124FFD9AC0040E376 /* HomeScreen.swift in Sources */ = {isa = PBXBuildFile; fileRef = CAC5005024FFD9AC0040E376 /* HomeScreen.swift */; };
		CAC5005324FFD9AF0040E376 /* Assets.xcassets in Resources */ = {isa = PBXBuildFile; fileRef = CAC5005224FFD9AF0040E376 /* Assets.xcassets */; };
		CAC5005624FFD9AF0040E376 /* Preview Assets.xcassets in Resources */ = {isa = PBXBuildFile; fileRef = CAC5005524FFD9AF0040E376 /* Preview Assets.xcassets */; };
		CAC5005E24FFDA720040E376 /* CharacterView.swift in Sources */ = {isa = PBXBuildFile; fileRef = CAC5005D24FFDA720040E376 /* CharacterView.swift */; };
		CAC5006024FFDACD0040E376 /* Character.swift in Sources */ = {isa = PBXBuildFile; fileRef = CAC5005F24FFDACD0040E376 /* Character.swift */; };
		CAC5006224FFEBF90040E376 /* CharacterListViewModel.swift in Sources */ = {isa = PBXBuildFile; fileRef = CAC5006124FFEBF90040E376 /* CharacterListViewModel.swift */; };
		CAC5006424FFEC430040E376 /* CharacterViewModel.swift in Sources */ = {isa = PBXBuildFile; fileRef = CAC5006324FFEC430040E376 /* CharacterViewModel.swift */; };
		CAC5006624FFF9EA0040E376 /* CharacterScreen.swift in Sources */ = {isa = PBXBuildFile; fileRef = CAC5006524FFF9EA0040E376 /* CharacterScreen.swift */; };
		CAC500682500243F0040E376 /* ImageLoader.swift in Sources */ = {isa = PBXBuildFile; fileRef = CAC500672500243F0040E376 /* ImageLoader.swift */; };
		CAC5006A250027A80040E376 /* Networking.swift in Sources */ = {isa = PBXBuildFile; fileRef = CAC50069250027A80040E376 /* Networking.swift */; };
		CAC500732500DDB90040E376 /* Color.swift in Sources */ = {isa = PBXBuildFile; fileRef = CAC500722500DDB90040E376 /* Color.swift */; };
/* End PBXBuildFile section */

/* Begin PBXContainerItemProxy section */
		CA92DCBF2500FF98004746C3 /* PBXContainerItemProxy */ = {
			isa = PBXContainerItemProxy;
			containerPortal = CAC5004324FFD9AC0040E376 /* Project object */;
			proxyType = 1;
			remoteGlobalIDString = CAC5004A24FFD9AC0040E376;
			remoteInfo = "Breaking Bad";
		};
/* End PBXContainerItemProxy section */

/* Begin PBXFileReference section */
		CA92DCBA2500FF98004746C3 /* Breaking Bad Tests.xctest */ = {isa = PBXFileReference; explicitFileType = wrapper.cfbundle; includeInIndex = 0; path = "Breaking Bad Tests.xctest"; sourceTree = BUILT_PRODUCTS_DIR; };
		CA92DCBC2500FF98004746C3 /* CharacterViewModelTests.swift */ = {isa = PBXFileReference; lastKnownFileType = sourcecode.swift; path = CharacterViewModelTests.swift; sourceTree = "<group>"; };
		CA92DCBE2500FF98004746C3 /* Info.plist */ = {isa = PBXFileReference; lastKnownFileType = text.plist.xml; path = Info.plist; sourceTree = "<group>"; };
		CA92DCC4250100B0004746C3 /* CharacterData.swift */ = {isa = PBXFileReference; lastKnownFileType = sourcecode.swift; path = CharacterData.swift; sourceTree = "<group>"; };
		CA92DCC625010125004746C3 /* CharacterViewModelData.swift */ = {isa = PBXFileReference; lastKnownFileType = sourcecode.swift; path = CharacterViewModelData.swift; sourceTree = "<group>"; };
		CA92DCC8250101D4004746C3 /* ImageLoader_ImageData.swift */ = {isa = PBXFileReference; lastKnownFileType = sourcecode.swift; path = ImageLoader_ImageData.swift; sourceTree = "<group>"; };
		CA92DCCB250113C6004746C3 /* BB.json */ = {isa = PBXFileReference; lastKnownFileType = text.json; path = BB.json; sourceTree = "<group>"; };
		CA92DCCD2501140E004746C3 /* Endpoint.swift */ = {isa = PBXFileReference; lastKnownFileType = sourcecode.swift; path = Endpoint.swift; sourceTree = "<group>"; };
		CA92DCCF25011B9F004746C3 /* NetworkingTests.swift */ = {isa = PBXFileReference; lastKnownFileType = sourcecode.swift; path = NetworkingTests.swift; sourceTree = "<group>"; };
		CA92DCD125011F3B004746C3 /* APISession.swift */ = {isa = PBXFileReference; lastKnownFileType = sourcecode.swift; path = APISession.swift; sourceTree = "<group>"; };
		CAC5004B24FFD9AC0040E376 /* Breaking Bad.app */ = {isa = PBXFileReference; explicitFileType = wrapper.application; includeInIndex = 0; path = "Breaking Bad.app"; sourceTree = BUILT_PRODUCTS_DIR; };
		CAC5004E24FFD9AC0040E376 /* Breaking_BadApp.swift */ = {isa = PBXFileReference; lastKnownFileType = sourcecode.swift; path = Breaking_BadApp.swift; sourceTree = "<group>"; };
		CAC5005024FFD9AC0040E376 /* HomeScreen.swift */ = {isa = PBXFileReference; lastKnownFileType = sourcecode.swift; path = HomeScreen.swift; sourceTree = "<group>"; };
		CAC5005224FFD9AF0040E376 /* Assets.xcassets */ = {isa = PBXFileReference; lastKnownFileType = folder.assetcatalog; path = Assets.xcassets; sourceTree = "<group>"; };
		CAC5005524FFD9AF0040E376 /* Preview Assets.xcassets */ = {isa = PBXFileReference; lastKnownFileType = folder.assetcatalog; path = "Preview Assets.xcassets"; sourceTree = "<group>"; };
		CAC5005724FFD9AF0040E376 /* Info.plist */ = {isa = PBXFileReference; lastKnownFileType = text.plist.xml; path = Info.plist; sourceTree = "<group>"; };
		CAC5005D24FFDA720040E376 /* CharacterView.swift */ = {isa = PBXFileReference; lastKnownFileType = sourcecode.swift; path = CharacterView.swift; sourceTree = "<group>"; };
		CAC5005F24FFDACD0040E376 /* Character.swift */ = {isa = PBXFileReference; lastKnownFileType = sourcecode.swift; path = Character.swift; sourceTree = "<group>"; };
		CAC5006124FFEBF90040E376 /* CharacterListViewModel.swift */ = {isa = PBXFileReference; lastKnownFileType = sourcecode.swift; path = CharacterListViewModel.swift; sourceTree = "<group>"; };
		CAC5006324FFEC430040E376 /* CharacterViewModel.swift */ = {isa = PBXFileReference; lastKnownFileType = sourcecode.swift; path = CharacterViewModel.swift; sourceTree = "<group>"; };
		CAC5006524FFF9EA0040E376 /* CharacterScreen.swift */ = {isa = PBXFileReference; lastKnownFileType = sourcecode.swift; path = CharacterScreen.swift; sourceTree = "<group>"; };
		CAC500672500243F0040E376 /* ImageLoader.swift */ = {isa = PBXFileReference; lastKnownFileType = sourcecode.swift; path = ImageLoader.swift; sourceTree = "<group>"; };
		CAC50069250027A80040E376 /* Networking.swift */ = {isa = PBXFileReference; lastKnownFileType = sourcecode.swift; path = Networking.swift; sourceTree = "<group>"; };
		CAC500722500DDB90040E376 /* Color.swift */ = {isa = PBXFileReference; lastKnownFileType = sourcecode.swift; path = Color.swift; sourceTree = "<group>"; };
/* End PBXFileReference section */

/* Begin PBXFrameworksBuildPhase section */
		CA92DCB72500FF98004746C3 /* Frameworks */ = {
			isa = PBXFrameworksBuildPhase;
			buildActionMask = 2147483647;
			files = (
			);
			runOnlyForDeploymentPostprocessing = 0;
		};
		CAC5004824FFD9AC0040E376 /* Frameworks */ = {
			isa = PBXFrameworksBuildPhase;
			buildActionMask = 2147483647;
			files = (
			);
			runOnlyForDeploymentPostprocessing = 0;
		};
/* End PBXFrameworksBuildPhase section */

/* Begin PBXGroup section */
		CA92DCBB2500FF98004746C3 /* Breaking Bad Tests */ = {
			isa = PBXGroup;
			children = (
				CA92DCBC2500FF98004746C3 /* CharacterViewModelTests.swift */,
				CA92DCCF25011B9F004746C3 /* NetworkingTests.swift */,
				CA92DCBE2500FF98004746C3 /* Info.plist */,
			);
			path = "Breaking Bad Tests";
			sourceTree = "<group>";
		};
		CAC5004224FFD9AC0040E376 = {
			isa = PBXGroup;
			children = (
				CAC5004D24FFD9AC0040E376 /* Breaking Bad */,
				CA92DCBB2500FF98004746C3 /* Breaking Bad Tests */,
				CAC5004C24FFD9AC0040E376 /* Products */,
			);
			sourceTree = "<group>";
		};
		CAC5004C24FFD9AC0040E376 /* Products */ = {
			isa = PBXGroup;
			children = (
				CAC5004B24FFD9AC0040E376 /* Breaking Bad.app */,
				CA92DCBA2500FF98004746C3 /* Breaking Bad Tests.xctest */,
			);
			name = Products;
			sourceTree = "<group>";
		};
		CAC5004D24FFD9AC0040E376 /* Breaking Bad */ = {
			isa = PBXGroup;
			children = (
				CAC5004E24FFD9AC0040E376 /* Breaking_BadApp.swift */,
				CAC5006D25002AC80040E376 /* Views */,
				CAC5006F25002AD90040E376 /* View Models */,
				CAC5007125002AE50040E376 /* Networking */,
				CAC5007025002ADF0040E376 /* Model */,
				CAC500742500DF570040E376 /* Extensions */,
				CAC5005224FFD9AF0040E376 /* Assets.xcassets */,
				CAC5005724FFD9AF0040E376 /* Info.plist */,
				CAC5005424FFD9AF0040E376 /* Preview Content */,
			);
			path = "Breaking Bad";
			sourceTree = "<group>";
		};
		CAC5005424FFD9AF0040E376 /* Preview Content */ = {
			isa = PBXGroup;
			children = (
				CA92DCC4250100B0004746C3 /* CharacterData.swift */,
				CA92DCC8250101D4004746C3 /* ImageLoader_ImageData.swift */,
				CA92DCC625010125004746C3 /* CharacterViewModelData.swift */,
				CA92DCCB250113C6004746C3 /* BB.json */,
				CAC5005524FFD9AF0040E376 /* Preview Assets.xcassets */,
			);
			path = "Preview Content";
			sourceTree = "<group>";
		};
		CAC5006D25002AC80040E376 /* Views */ = {
			isa = PBXGroup;
			children = (
				CAC5005024FFD9AC0040E376 /* HomeScreen.swift */,
				CAC5006524FFF9EA0040E376 /* CharacterScreen.swift */,
				CAC5005D24FFDA720040E376 /* CharacterView.swift */,
			);
			path = Views;
			sourceTree = "<group>";
		};
		CAC5006F25002AD90040E376 /* View Models */ = {
			isa = PBXGroup;
			children = (
				CAC5006124FFEBF90040E376 /* CharacterListViewModel.swift */,
				CAC5006324FFEC430040E376 /* CharacterViewModel.swift */,
			);
			path = "View Models";
			sourceTree = "<group>";
		};
		CAC5007025002ADF0040E376 /* Model */ = {
			isa = PBXGroup;
			children = (
				CAC5005F24FFDACD0040E376 /* Character.swift */,
			);
			path = Model;
			sourceTree = "<group>";
		};
		CAC5007125002AE50040E376 /* Networking */ = {
			isa = PBXGroup;
			children = (
				CAC50069250027A80040E376 /* Networking.swift */,
				CAC500672500243F0040E376 /* ImageLoader.swift */,
				CA92DCD125011F3B004746C3 /* APISession.swift */,
				CA92DCCD2501140E004746C3 /* Endpoint.swift */,
			);
			path = Networking;
			sourceTree = "<group>";
		};
		CAC500742500DF570040E376 /* Extensions */ = {
			isa = PBXGroup;
			children = (
				CAC500722500DDB90040E376 /* Color.swift */,
			);
			path = Extensions;
			sourceTree = "<group>";
		};
/* End PBXGroup section */

/* Begin PBXNativeTarget section */
		CA92DCB92500FF98004746C3 /* Breaking Bad Tests */ = {
			isa = PBXNativeTarget;
			buildConfigurationList = CA92DCC32500FF98004746C3 /* Build configuration list for PBXNativeTarget "Breaking Bad Tests" */;
			buildPhases = (
				CA92DCB62500FF98004746C3 /* Sources */,
				CA92DCB72500FF98004746C3 /* Frameworks */,
				CA92DCB82500FF98004746C3 /* Resources */,
			);
			buildRules = (
			);
			dependencies = (
				CA92DCC02500FF98004746C3 /* PBXTargetDependency */,
			);
			name = "Breaking Bad Tests";
			productName = "Breaking Bad Tests";
			productReference = CA92DCBA2500FF98004746C3 /* Breaking Bad Tests.xctest */;
			productType = "com.apple.product-type.bundle.unit-test";
		};
		CAC5004A24FFD9AC0040E376 /* Breaking Bad */ = {
			isa = PBXNativeTarget;
			buildConfigurationList = CAC5005A24FFD9AF0040E376 /* Build configuration list for PBXNativeTarget "Breaking Bad" */;
			buildPhases = (
				CAC5004724FFD9AC0040E376 /* Sources */,
				CAC5004824FFD9AC0040E376 /* Frameworks */,
				CAC5004924FFD9AC0040E376 /* Resources */,
			);
			buildRules = (
			);
			dependencies = (
			);
			name = "Breaking Bad";
			productName = "Breaking Bad";
			productReference = CAC5004B24FFD9AC0040E376 /* Breaking Bad.app */;
			productType = "com.apple.product-type.application";
		};
/* End PBXNativeTarget section */

/* Begin PBXProject section */
		CAC5004324FFD9AC0040E376 /* Project object */ = {
			isa = PBXProject;
			attributes = {
				LastSwiftUpdateCheck = 1200;
				LastUpgradeCheck = 1200;
				TargetAttributes = {
					CA92DCB92500FF98004746C3 = {
						CreatedOnToolsVersion = 12.0;
						TestTargetID = CAC5004A24FFD9AC0040E376;
					};
					CAC5004A24FFD9AC0040E376 = {
						CreatedOnToolsVersion = 12.0;
					};
				};
			};
			buildConfigurationList = CAC5004624FFD9AC0040E376 /* Build configuration list for PBXProject "Breaking Bad" */;
			compatibilityVersion = "Xcode 9.3";
			developmentRegion = en;
			hasScannedForEncodings = 0;
			knownRegions = (
				en,
				Base,
			);
			mainGroup = CAC5004224FFD9AC0040E376;
			productRefGroup = CAC5004C24FFD9AC0040E376 /* Products */;
			projectDirPath = "";
			projectRoot = "";
			targets = (
				CAC5004A24FFD9AC0040E376 /* Breaking Bad */,
				CA92DCB92500FF98004746C3 /* Breaking Bad Tests */,
			);
		};
/* End PBXProject section */

/* Begin PBXResourcesBuildPhase section */
		CA92DCB82500FF98004746C3 /* Resources */ = {
			isa = PBXResourcesBuildPhase;
			buildActionMask = 2147483647;
			files = (
			);
			runOnlyForDeploymentPostprocessing = 0;
		};
		CAC5004924FFD9AC0040E376 /* Resources */ = {
			isa = PBXResourcesBuildPhase;
			buildActionMask = 2147483647;
			files = (
				CA92DCCC250113C6004746C3 /* BB.json in Resources */,
				CAC5005624FFD9AF0040E376 /* Preview Assets.xcassets in Resources */,
				CAC5005324FFD9AF0040E376 /* Assets.xcassets in Resources */,
			);
			runOnlyForDeploymentPostprocessing = 0;
		};
/* End PBXResourcesBuildPhase section */

/* Begin PBXSourcesBuildPhase section */
		CA92DCB62500FF98004746C3 /* Sources */ = {
			isa = PBXSourcesBuildPhase;
			buildActionMask = 2147483647;
			files = (
				CA92DCBD2500FF98004746C3 /* CharacterViewModelTests.swift in Sources */,
				CA92DCD025011B9F004746C3 /* NetworkingTests.swift in Sources */,
			);
			runOnlyForDeploymentPostprocessing = 0;
		};
		CAC5004724FFD9AC0040E376 /* Sources */ = {
			isa = PBXSourcesBuildPhase;
			buildActionMask = 2147483647;
			files = (
				CA92DCCE2501140E004746C3 /* Endpoint.swift in Sources */,
				CAC5005124FFD9AC0040E376 /* HomeScreen.swift in Sources */,
				CAC5004F24FFD9AC0040E376 /* Breaking_BadApp.swift in Sources */,
				CA92DCC5250100B0004746C3 /* CharacterData.swift in Sources */,
				CAC5005E24FFDA720040E376 /* CharacterView.swift in Sources */,
				CA92DCD225011F3B004746C3 /* APISession.swift in Sources */,
				CAC500732500DDB90040E376 /* Color.swift in Sources */,
				CAC5006A250027A80040E376 /* Networking.swift in Sources */,
				CA92DCC725010125004746C3 /* CharacterViewModelData.swift in Sources */,
				CA92DCC9250101D4004746C3 /* ImageLoader_ImageData.swift in Sources */,
				CAC5006624FFF9EA0040E376 /* CharacterScreen.swift in Sources */,
				CAC5006024FFDACD0040E376 /* Character.swift in Sources */,
				CAC5006424FFEC430040E376 /* CharacterViewModel.swift in Sources */,
				CAC500682500243F0040E376 /* ImageLoader.swift in Sources */,
				CAC5006224FFEBF90040E376 /* CharacterListViewModel.swift in Sources */,
			);
			runOnlyForDeploymentPostprocessing = 0;
		};
/* End PBXSourcesBuildPhase section */

/* Begin PBXTargetDependency section */
		CA92DCC02500FF98004746C3 /* PBXTargetDependency */ = {
			isa = PBXTargetDependency;
			target = CAC5004A24FFD9AC0040E376 /* Breaking Bad */;
			targetProxy = CA92DCBF2500FF98004746C3 /* PBXContainerItemProxy */;
		};
/* End PBXTargetDependency section */

/* Begin XCBuildConfiguration section */
		CA92DCC12500FF98004746C3 /* Debug */ = {
			isa = XCBuildConfiguration;
			buildSettings = {
				BUNDLE_LOADER = "$(TEST_HOST)";
				CODE_SIGN_STYLE = Automatic;
				DEVELOPMENT_TEAM = 9APVGUJV73;
				INFOPLIST_FILE = "Breaking Bad Tests/Info.plist";
				LD_RUNPATH_SEARCH_PATHS = (
					"$(inherited)",
					"@executable_path/Frameworks",
					"@loader_path/Frameworks",
				);
				PRODUCT_BUNDLE_IDENTIFIER = "uk.co.joylordsystems.Breaking-Bad-Tests";
				PRODUCT_NAME = "$(TARGET_NAME)";
				SWIFT_VERSION = 5.0;
				TARGETED_DEVICE_FAMILY = "1,2";
				TEST_HOST = "$(BUILT_PRODUCTS_DIR)/Breaking Bad.app/Breaking Bad";
			};
			name = Debug;
		};
		CA92DCC22500FF98004746C3 /* Release */ = {
			isa = XCBuildConfiguration;
			buildSettings = {
				BUNDLE_LOADER = "$(TEST_HOST)";
				CODE_SIGN_STYLE = Automatic;
				DEVELOPMENT_TEAM = 9APVGUJV73;
				INFOPLIST_FILE = "Breaking Bad Tests/Info.plist";
				LD_RUNPATH_SEARCH_PATHS = (
					"$(inherited)",
					"@executable_path/Frameworks",
					"@loader_path/Frameworks",
				);
				PRODUCT_BUNDLE_IDENTIFIER = "uk.co.joylordsystems.Breaking-Bad-Tests";
				PRODUCT_NAME = "$(TARGET_NAME)";
				SWIFT_VERSION = 5.0;
				TARGETED_DEVICE_FAMILY = "1,2";
				TEST_HOST = "$(BUILT_PRODUCTS_DIR)/Breaking Bad.app/Breaking Bad";
			};
			name = Release;
		};
		CAC5005824FFD9AF0040E376 /* Debug */ = {
			isa = XCBuildConfiguration;
			buildSettings = {
				ALWAYS_SEARCH_USER_PATHS = NO;
				CLANG_ANALYZER_NONNULL = YES;
				CLANG_ANALYZER_NUMBER_OBJECT_CONVERSION = YES_AGGRESSIVE;
				CLANG_CXX_LANGUAGE_STANDARD = "gnu++14";
				CLANG_CXX_LIBRARY = "libc++";
				CLANG_ENABLE_MODULES = YES;
				CLANG_ENABLE_OBJC_ARC = YES;
				CLANG_ENABLE_OBJC_WEAK = YES;
				CLANG_WARN_BLOCK_CAPTURE_AUTORELEASING = YES;
				CLANG_WARN_BOOL_CONVERSION = YES;
				CLANG_WARN_COMMA = YES;
				CLANG_WARN_CONSTANT_CONVERSION = YES;
				CLANG_WARN_DEPRECATED_OBJC_IMPLEMENTATIONS = YES;
				CLANG_WARN_DIRECT_OBJC_ISA_USAGE = YES_ERROR;
				CLANG_WARN_DOCUMENTATION_COMMENTS = YES;
				CLANG_WARN_EMPTY_BODY = YES;
				CLANG_WARN_ENUM_CONVERSION = YES;
				CLANG_WARN_INFINITE_RECURSION = YES;
				CLANG_WARN_INT_CONVERSION = YES;
				CLANG_WARN_NON_LITERAL_NULL_CONVERSION = YES;
				CLANG_WARN_OBJC_IMPLICIT_RETAIN_SELF = YES;
				CLANG_WARN_OBJC_LITERAL_CONVERSION = YES;
				CLANG_WARN_OBJC_ROOT_CLASS = YES_ERROR;
				CLANG_WARN_QUOTED_INCLUDE_IN_FRAMEWORK_HEADER = YES;
				CLANG_WARN_RANGE_LOOP_ANALYSIS = YES;
				CLANG_WARN_STRICT_PROTOTYPES = YES;
				CLANG_WARN_SUSPICIOUS_MOVE = YES;
				CLANG_WARN_UNGUARDED_AVAILABILITY = YES_AGGRESSIVE;
				CLANG_WARN_UNREACHABLE_CODE = YES;
				CLANG_WARN__DUPLICATE_METHOD_MATCH = YES;
				COPY_PHASE_STRIP = NO;
				DEBUG_INFORMATION_FORMAT = dwarf;
				ENABLE_STRICT_OBJC_MSGSEND = YES;
				ENABLE_TESTABILITY = YES;
				GCC_C_LANGUAGE_STANDARD = gnu11;
				GCC_DYNAMIC_NO_PIC = NO;
				GCC_NO_COMMON_BLOCKS = YES;
				GCC_OPTIMIZATION_LEVEL = 0;
				GCC_PREPROCESSOR_DEFINITIONS = (
					"DEBUG=1",
					"$(inherited)",
				);
				GCC_WARN_64_TO_32_BIT_CONVERSION = YES;
				GCC_WARN_ABOUT_RETURN_TYPE = YES_ERROR;
				GCC_WARN_UNDECLARED_SELECTOR = YES;
				GCC_WARN_UNINITIALIZED_AUTOS = YES_AGGRESSIVE;
				GCC_WARN_UNUSED_FUNCTION = YES;
				GCC_WARN_UNUSED_VARIABLE = YES;
				IPHONEOS_DEPLOYMENT_TARGET = 14.0;
				MTL_ENABLE_DEBUG_INFO = INCLUDE_SOURCE;
				MTL_FAST_MATH = YES;
				ONLY_ACTIVE_ARCH = YES;
				SDKROOT = iphoneos;
				SWIFT_ACTIVE_COMPILATION_CONDITIONS = DEBUG;
				SWIFT_OPTIMIZATION_LEVEL = "-Onone";
			};
			name = Debug;
		};
		CAC5005924FFD9AF0040E376 /* Release */ = {
			isa = XCBuildConfiguration;
			buildSettings = {
				ALWAYS_SEARCH_USER_PATHS = NO;
				CLANG_ANALYZER_NONNULL = YES;
				CLANG_ANALYZER_NUMBER_OBJECT_CONVERSION = YES_AGGRESSIVE;
				CLANG_CXX_LANGUAGE_STANDARD = "gnu++14";
				CLANG_CXX_LIBRARY = "libc++";
				CLANG_ENABLE_MODULES = YES;
				CLANG_ENABLE_OBJC_ARC = YES;
				CLANG_ENABLE_OBJC_WEAK = YES;
				CLANG_WARN_BLOCK_CAPTURE_AUTORELEASING = YES;
				CLANG_WARN_BOOL_CONVERSION = YES;
				CLANG_WARN_COMMA = YES;
				CLANG_WARN_CONSTANT_CONVERSION = YES;
				CLANG_WARN_DEPRECATED_OBJC_IMPLEMENTATIONS = YES;
				CLANG_WARN_DIRECT_OBJC_ISA_USAGE = YES_ERROR;
				CLANG_WARN_DOCUMENTATION_COMMENTS = YES;
				CLANG_WARN_EMPTY_BODY = YES;
				CLANG_WARN_ENUM_CONVERSION = YES;
				CLANG_WARN_INFINITE_RECURSION = YES;
				CLANG_WARN_INT_CONVERSION = YES;
				CLANG_WARN_NON_LITERAL_NULL_CONVERSION = YES;
				CLANG_WARN_OBJC_IMPLICIT_RETAIN_SELF = YES;
				CLANG_WARN_OBJC_LITERAL_CONVERSION = YES;
				CLANG_WARN_OBJC_ROOT_CLASS = YES_ERROR;
				CLANG_WARN_QUOTED_INCLUDE_IN_FRAMEWORK_HEADER = YES;
				CLANG_WARN_RANGE_LOOP_ANALYSIS = YES;
				CLANG_WARN_STRICT_PROTOTYPES = YES;
				CLANG_WARN_SUSPICIOUS_MOVE = YES;
				CLANG_WARN_UNGUARDED_AVAILABILITY = YES_AGGRESSIVE;
				CLANG_WARN_UNREACHABLE_CODE = YES;
				CLANG_WARN__DUPLICATE_METHOD_MATCH = YES;
				COPY_PHASE_STRIP = NO;
				DEBUG_INFORMATION_FORMAT = "dwarf-with-dsym";
				ENABLE_NS_ASSERTIONS = NO;
				ENABLE_STRICT_OBJC_MSGSEND = YES;
				GCC_C_LANGUAGE_STANDARD = gnu11;
				GCC_NO_COMMON_BLOCKS = YES;
				GCC_WARN_64_TO_32_BIT_CONVERSION = YES;
				GCC_WARN_ABOUT_RETURN_TYPE = YES_ERROR;
				GCC_WARN_UNDECLARED_SELECTOR = YES;
				GCC_WARN_UNINITIALIZED_AUTOS = YES_AGGRESSIVE;
				GCC_WARN_UNUSED_FUNCTION = YES;
				GCC_WARN_UNUSED_VARIABLE = YES;
				IPHONEOS_DEPLOYMENT_TARGET = 14.0;
				MTL_ENABLE_DEBUG_INFO = NO;
				MTL_FAST_MATH = YES;
				SDKROOT = iphoneos;
				SWIFT_COMPILATION_MODE = wholemodule;
				SWIFT_OPTIMIZATION_LEVEL = "-O";
				VALIDATE_PRODUCT = YES;
			};
			name = Release;
		};
		CAC5005B24FFD9AF0040E376 /* Debug */ = {
			isa = XCBuildConfiguration;
			buildSettings = {
				ASSETCATALOG_COMPILER_APPICON_NAME = AppIcon;
				ASSETCATALOG_COMPILER_GLOBAL_ACCENT_COLOR_NAME = AccentColor;
				CODE_SIGN_STYLE = Automatic;
				DEVELOPMENT_ASSET_PATHS = "\"Breaking Bad/Preview Content\"";
				DEVELOPMENT_TEAM = 9APVGUJV73;
				ENABLE_PREVIEWS = YES;
				INFOPLIST_FILE = "Breaking Bad/Info.plist";
				IPHONEOS_DEPLOYMENT_TARGET = 14.0;
				LD_RUNPATH_SEARCH_PATHS = (
					"$(inherited)",
					"@executable_path/Frameworks",
				);
				PRODUCT_BUNDLE_IDENTIFIER = "uk.co.joylordsystems.Breaking-Bad";
				PRODUCT_NAME = "$(TARGET_NAME)";
				SWIFT_VERSION = 5.0;
				TARGETED_DEVICE_FAMILY = "1,2";
			};
			name = Debug;
		};
		CAC5005C24FFD9AF0040E376 /* Release */ = {
			isa = XCBuildConfiguration;
			buildSettings = {
				ASSETCATALOG_COMPILER_APPICON_NAME = AppIcon;
				ASSETCATALOG_COMPILER_GLOBAL_ACCENT_COLOR_NAME = AccentColor;
				CODE_SIGN_STYLE = Automatic;
				DEVELOPMENT_ASSET_PATHS = "\"Breaking Bad/Preview Content\"";
				DEVELOPMENT_TEAM = 9APVGUJV73;
				ENABLE_PREVIEWS = YES;
				INFOPLIST_FILE = "Breaking Bad/Info.plist";
				IPHONEOS_DEPLOYMENT_TARGET = 14.0;
				LD_RUNPATH_SEARCH_PATHS = (
					"$(inherited)",
					"@executable_path/Frameworks",
				);
				PRODUCT_BUNDLE_IDENTIFIER = "uk.co.joylordsystems.Breaking-Bad";
				PRODUCT_NAME = "$(TARGET_NAME)";
				SWIFT_VERSION = 5.0;
				TARGETED_DEVICE_FAMILY = "1,2";
			};
			name = Release;
		};
/* End XCBuildConfiguration section */

/* Begin XCConfigurationList section */
		CA92DCC32500FF98004746C3 /* Build configuration list for PBXNativeTarget "Breaking Bad Tests" */ = {
			isa = XCConfigurationList;
			buildConfigurations = (
				CA92DCC12500FF98004746C3 /* Debug */,
				CA92DCC22500FF98004746C3 /* Release */,
			);
			defaultConfigurationIsVisible = 0;
			defaultConfigurationName = Release;
		};
		CAC5004624FFD9AC0040E376 /* Build configuration list for PBXProject "Breaking Bad" */ = {
			isa = XCConfigurationList;
			buildConfigurations = (
				CAC5005824FFD9AF0040E376 /* Debug */,
				CAC5005924FFD9AF0040E376 /* Release */,
			);
			defaultConfigurationIsVisible = 0;
			defaultConfigurationName = Release;
		};
		CAC5005A24FFD9AF0040E376 /* Build configuration list for PBXNativeTarget "Breaking Bad" */ = {
			isa = XCConfigurationList;
			buildConfigurations = (
				CAC5005B24FFD9AF0040E376 /* Debug */,
				CAC5005C24FFD9AF0040E376 /* Release */,
			);
			defaultConfigurationIsVisible = 0;
			defaultConfigurationName = Release;
		};
/* End XCConfigurationList section */
	};
	rootObject = CAC5004324FFD9AC0040E376 /* Project object */;
}
